
Microsoft Visual Studio Solution File, Format Version 12.00
# Visual Studio 15
VisualStudioVersion = 15.0.27703.2047
MinimumVisualStudioVersion = 10.0.40219.1
Project("{FAE04EC0-301F-11D3-BF4B-00C04F79EFBC}") = "Pong", "Pong\Pong.csproj", "{11C4BE63-A36D-4063-B428-1A46001EAE3D}"
EndProject
Global
	GlobalSection(SolutionConfigurationPlatforms) = preSolution
		Debug|Any CPU = Debug|Any CPU
		Release|Any CPU = Release|Any CPU
	EndGlobalSection
	GlobalSection(ProjectConfigurationPlatforms) = postSolution
		{11C4BE63-A36D-4063-B428-1A46001EAE3D}.Debug|Any CPU.ActiveCfg = Debug|Any CPU
		{11C4BE63-A36D-4063-B428-1A46001EAE3D}.Debug|Any CPU.Build.0 = Debug|Any CPU
		{11C4BE63-A36D-4063-B428-1A46001EAE3D}.Release|Any CPU.ActiveCfg = Release|Any CPU
		{11C4BE63-A36D-4063-B428-1A46001EAE3D}.Release|Any CPU.Build.0 = Release|Any CPU
	EndGlobalSection
	GlobalSection(SolutionProperties) = preSolution
		HideSolutionNode = FALSE
	EndGlobalSection
	GlobalSection(ExtensibilityGlobals) = postSolution
		SolutionGuid = {938BE622-F658-46C8-8F65-FCF7927D7EDB}
	EndGlobalSection
EndGlobal
